Microsoft Visual Studio Solution File, Format Version 12.00
# Visual Studio Version 17
VisualStudioVersion = 17.5.2.0
MinimumVisualStudioVersion = 10.0.40219.1
Project("{FAE04EC0-301F-11D3-BF4B-00C04F79EFBC}") = "EVChargingBackend", "EVChargingBackend\EVChargingBackend.csproj", "{77376EA6-3AEE-32CE-4C9D-1157D5E3DA9F}"
EndProject
Global
	GlobalSection(SolutionConfigurationPlatforms) = preSolution
		Debug|Any CPU = Debug|Any CPU
		Release|Any CPU = Release|Any CPU
	EndGlobalSection
	GlobalSection(ProjectConfigurationPlatforms) = postSolution
		{77376EA6-3AEE-32CE-4C9D-1157D5E3DA9F}.Debug|Any CPU.ActiveCfg = Debug|Any CPU
		{77376EA6-3AEE-32CE-4C9D-1157D5E3DA9F}.Debug|Any CPU.Build.0 = Debug|Any CPU
		{77376EA6-3AEE-32CE-4C9D-1157D5E3DA9F}.Release|Any CPU.ActiveCfg = Release|Any CPU
		{77376EA6-3AEE-32CE-4C9D-1157D5E3DA9F}.Release|Any CPU.Build.0 = Release|Any CPU
	EndGlobalSection
	GlobalSection(SolutionProperties) = preSolution
		HideSolutionNode = FALSE
	EndGlobalSection
	GlobalSection(ExtensibilityGlobals) = postSolution
		SolutionGuid = {9C23676C-2514-4716-BEC7-F0ADC0D596DB}
	EndGlobalSection
EndGlobal
